{
  "version": 4,
  "terraform_version": "0.12.25",
  "serial": 8,
  "lineage": "91ef7b02-08af-446d-b4ef-27d86dfa3187",
  "outputs": {},
  "resources": [
    {
      "mode": "managed",
      "type": "google_compute_firewall",
      "name": "ssh",
      "provider": "provider.google",
      "instances": [
        {
          "schema_version": 1,
          "attributes": {
            "allow": [
              {
                "ports": [
                  "22",
                  "80",
                  "443"
                ],
                "protocol": "tcp"
              },
              {
                "ports": [],
                "protocol": "icmp"
              }
            ],
            "creation_timestamp": "2020-05-29T22:19:37.786-07:00",
            "deny": [],
            "description": "",
            "destination_ranges": [],
            "direction": "INGRESS",
            "disabled": false,
            "enable_logging": false,
            "id": "projects/my-project1-267118/global/firewalls/shippy-platform-ssh",
            "name": "shippy-platform-ssh",
            "network": "https://www.googleapis.com/compute/v1/projects/my-project1-267118/global/networks/shippy-platform",
            "priority": 1000,
            "project": "my-project1-267118",
            "self_link": "https://www.googleapis.com/compute/v1/projects/my-project1-267118/global/firewalls/shippy-platform-ssh",
            "source_ranges": [
              "0.0.0.0/0"
            ],
            "source_service_accounts": [],
            "source_tags": [],
            "target_service_accounts": [],
            "target_tags": [],
            "timeouts": null
          },
          "private": "eyJlMmJmYjczMC1lY2FhLTExZTYtOGY4OC0zNDM2M2JjN2M0YzAiOnsiY3JlYXRlIjoyNDAwMDAwMDAwMDAsImRlbGV0ZSI6MjQwMDAwMDAwMDAwLCJ1cGRhdGUiOjI0MDAwMDAwMDAwMH0sInNjaGVtYV92ZXJzaW9uIjoiMSJ9",
          "dependencies": [
            "google_compute_network.shippy-network"
          ]
        }
      ]
    },
    {
      "mode": "managed",
      "type": "google_compute_network",
      "name": "shippy-network",
      "provider": "provider.google",
      "instances": [
        {
          "schema_version": 0,
          "attributes": {
            "auto_create_subnetworks": true,
            "delete_default_routes_on_create": false,
            "description": "",
            "gateway_ipv4": "",
            "id": "projects/my-project1-267118/global/networks/shippy-platform",
            "ipv4_range": null,
            "name": "shippy-platform",
            "project": "my-project1-267118",
            "routing_mode": "REGIONAL",
            "self_link": "https://www.googleapis.com/compute/v1/projects/my-project1-267118/global/networks/shippy-platform",
            "timeouts": null
          },
          "private": "eyJlMmJmYjczMC1lY2FhLTExZTYtOGY4OC0zNDM2M2JjN2M0YzAiOnsiY3JlYXRlIjoyNDAwMDAwMDAwMDAsImRlbGV0ZSI6MjQwMDAwMDAwMDAwLCJ1cGRhdGUiOjI0MDAwMDAwMDAwMH19"
        }
      ]
    },
    {
      "mode": "managed",
      "type": "google_compute_subnetwork",
      "name": "shippy-freight",
      "provider": "provider.google",
      "instances": [
        {
          "schema_version": 0,
          "attributes": {
            "creation_timestamp": "2020-05-29T22:19:37.971-07:00",
            "description": "",
            "enable_flow_logs": null,
            "fingerprint": null,
            "gateway_address": "10.1.2.1",
            "id": "projects/my-project1-267118/regions/europe-west2/subnetworks/dev-shippy-platform-europe-west2",
            "ip_cidr_range": "10.1.2.0/24",
            "log_config": [],
            "name": "dev-shippy-platform-europe-west2",
            "network": "https://www.googleapis.com/compute/v1/projects/my-project1-267118/global/networks/shippy-platform",
            "private_ip_google_access": false,
            "project": "my-project1-267118",
            "region": "europe-west2",
            "secondary_ip_range": [],
            "self_link": "https://www.googleapis.com/compute/v1/projects/my-project1-267118/regions/europe-west2/subnetworks/dev-shippy-platform-europe-west2",
            "timeouts": null
          },
          "private": "eyJlMmJmYjczMC1lY2FhLTExZTYtOGY4OC0zNDM2M2JjN2M0YzAiOnsiY3JlYXRlIjozNjAwMDAwMDAwMDAsImRlbGV0ZSI6MzYwMDAwMDAwMDAwLCJ1cGRhdGUiOjM2MDAwMDAwMDAwMH19",
          "dependencies": [
            "google_compute_network.shippy-network"
          ]
        }
      ]
    },
    {
      "mode": "managed",
      "type": "google_container_cluster",
      "name": "shippy-freight-cluster",
      "provider": "provider.google",
      "instances": [
        {
          "schema_version": 1,
          "attributes": {
            "additional_zones": [],
            "addons_config": [
              {
                "cloudrun_config": [],
                "horizontal_pod_autoscaling": [],
                "http_load_balancing": [],
                "kubernetes_dashboard": [],
                "network_policy_config": [
                  {
                    "disabled": true
                  }
                ]
              }
            ],
            "authenticator_groups_config": [],
            "cluster_autoscaling": [
              {
                "auto_provisioning_defaults": [],
                "enabled": false,
                "resource_limits": []
              }
            ],
            "cluster_ipv4_cidr": "10.24.0.0/14",
            "default_max_pods_per_node": null,
            "description": "",
            "enable_binary_authorization": false,
            "enable_intranode_visibility": null,
            "enable_kubernetes_alpha": false,
            "enable_legacy_abac": false,
            "enable_shielded_nodes": false,
            "enable_tpu": null,
            "endpoint": "35.189.80.167",
            "id": "projects/my-project1-267118/locations/europe-west2-a/clusters/shippy-freight-cluster",
            "initial_node_count": 1,
            "instance_group_urls": [
              "https://www.googleapis.com/compute/v1/projects/my-project1-267118/zones/europe-west2-a/instanceGroups/gke-shippy-freight-clust-default-pool-b5c3274d-grp"
            ],
            "ip_allocation_policy": [],
            "label_fingerprint": "a9dc16a7",
            "location": "europe-west2-a",
            "logging_service": "logging.googleapis.com/kubernetes",
            "maintenance_policy": [],
            "master_auth": [
              {
                "client_certificate": "",
                "client_certificate_config": [
                  {
                    "issue_client_certificate": false
                  }
                ],
                "client_key": "",
                "cluster_ca_certificate": "LS0tLS1CRUdJTiBDRVJUSUZJQ0FURS0tLS0tCk1JSURDekNDQWZPZ0F3SUJBZ0lRZUFWemI2b1o4QXUyOTJMY3dOOVRRREFOQmdrcWhraUc5dzBCQVFzRkFEQXYKTVMwd0t3WURWUVFERXlRNE0yVTROamN3WXkxaVlUTmpMVFJoWVdNdE9HTXpOaTB6TUROa1lUVmxNalJoWVRBdwpIaGNOTWpBd05UTXdNRFF5TURBMFdoY05NalV3TlRJNU1EVXlNREEwV2pBdk1TMHdLd1lEVlFRREV5UTRNMlU0Ck5qY3dZeTFpWVROakxUUmhZV010T0dNek5pMHpNRE5rWVRWbE1qUmhZVEF3Z2dFaU1BMEdDU3FHU0liM0RRRUIKQVFVQUE0SUJEd0F3Z2dFS0FvSUJBUUNieXdzR1FJZnlHNWx2MmNFYjkvZEF1QWdyNWpoNzFCM1JYTGZMVm5rRgpRaThQNEMyRVpLZ0dNek5Fb1h4S2lMb3orQVNzNEZVWWxHYm55NEp0TE1KMG1uSzNEcU1XZlVTOU9xMURYZG1IClBHQzN3czNhbUt0dHliZjZtWkFTbCt5RjBNRXFFQWdSY1Nwd3JnVlp3b2VxbEZGQXh0YTY5N2plVXVqcVpGb1QKQ1Z2MTE5Qk5wbGNWcnQzZXZrWC9YTGp5eURTODJMdGgzZ3VZckRkakdOYTNzb3hHd1duaGFYZnRYY29yVmxsWgpYK2U3ZWk3dENDRTBOMERlSWQxbVc2Zld3WHBTZzV3TDZkY0t0VDMzVmE0ZHdvNlhsZThkbmZONzVtdEJoUCtSCk9tZW5pckEyUS9QMlUzSWEzY0NTckh3M1dUa0FsMzZ3VVZaUWpvWjF1TE9oQWdNQkFBR2pJekFoTUE0R0ExVWQKRHdFQi93UUVBd0lDQkRBUEJnTlZIUk1CQWY4RUJUQURBUUgvTUEwR0NTcUdTSWIzRFFFQkN3VUFBNElCQVFBZgpiWGRqOW42YytMY2ZxcEpQcUxlVGlCWEUyclNIQTIzRGFyZkt4QmI4cXNycGMzcEFUbUVrSFJoelFvelM2SDFOCjdITWV3YWc2RGtRaTd3eXVCa1ZsbjBCUHRON05BV3BWcmZ5U2VzSnBDQ3Q5L1c4OUdIZGRqQnhBNGVXdGt2MWQKNGtZNXdMZkFRS0UwOXlkeGxmVWJpRXo4ZHZQa1k2LzBqcEROK0FLTmNtbzRBek1vU2FJLzRISzFiZEg1cldpbQpTeGhlR1FHVDBUZ2graGlmTXdLanRuMnZNVE9jbkFVbzZQdU9RTUpQNGVTSitsRlJzQ2YwZEdJRE5VUnZ2bmFGCkJSeCtVVy80eUVuS0ZwSDY1SGZ3d2JLNGY2d1M4U3kyT3Q0WVREQ1lGTHBzU3k0OWVDang1eXM5Tk13WmhkUHMKUGM0U1IxalBmbUs1OThBRk5obGwKLS0tLS1FTkQgQ0VSVElGSUNBVEUtLS0tLQo=",
                "password": "",
                "username": ""
              }
            ],
            "master_authorized_networks_config": [],
            "master_version": "1.14.10-gke.36",
            "min_master_version": null,
            "monitoring_service": "monitoring.googleapis.com/kubernetes",
            "name": "shippy-freight-cluster",
            "network": "projects/my-project1-267118/global/networks/shippy-platform",
            "network_policy": [
              {
                "enabled": false,
                "provider": "PROVIDER_UNSPECIFIED"
              }
            ],
            "node_config": [
              {
                "disk_size_gb": 100,
                "disk_type": "pd-standard",
                "guest_accelerator": [],
                "image_type": "COS",
                "labels": {},
                "local_ssd_count": 0,
                "machine_type": "n1-standard-1",
                "metadata": {
                  "disable-legacy-endpoints": "true"
                },
                "min_cpu_platform": "",
                "oauth_scopes": [
                  "https://www.googleapis.com/auth/cloud-platform",
                  "https://www.googleapis.com/auth/compute",
                  "https://www.googleapis.com/auth/devstorage.full_control",
                  "https://www.googleapis.com/auth/logging.write",
                  "https://www.googleapis.com/auth/monitoring",
                  "https://www.googleapis.com/auth/projecthosting"
                ],
                "preemptible": false,
                "sandbox_config": [],
                "service_account": "default",
                "shielded_instance_config": [
                  {
                    "enable_integrity_monitoring": true,
                    "enable_secure_boot": false
                  }
                ],
                "tags": [],
                "taint": [],
                "workload_metadata_config": []
              }
            ],
            "node_locations": [],
            "node_pool": [
              {
                "autoscaling": [],
                "initial_node_count": 1,
                "instance_group_urls": [
                  "https://www.googleapis.com/compute/v1/projects/my-project1-267118/zones/europe-west2-a/instanceGroupManagers/gke-shippy-freight-clust-default-pool-b5c3274d-grp"
                ],
                "management": [
                  {
                    "auto_repair": true,
                    "auto_upgrade": true
                  }
                ],
                "max_pods_per_node": 0,
                "name": "default-pool",
                "name_prefix": "",
                "node_config": [
                  {
                    "disk_size_gb": 100,
                    "disk_type": "pd-standard",
                    "guest_accelerator": [],
                    "image_type": "COS",
                    "labels": {},
                    "local_ssd_count": 0,
                    "machine_type": "n1-standard-1",
                    "metadata": {
                      "disable-legacy-endpoints": "true"
                    },
                    "min_cpu_platform": "",
                    "oauth_scopes": [
                      "https://www.googleapis.com/auth/cloud-platform",
                      "https://www.googleapis.com/auth/compute",
                      "https://www.googleapis.com/auth/devstorage.full_control",
                      "https://www.googleapis.com/auth/logging.write",
                      "https://www.googleapis.com/auth/monitoring",
                      "https://www.googleapis.com/auth/projecthosting"
                    ],
                    "preemptible": false,
                    "sandbox_config": [],
                    "service_account": "default",
                    "shielded_instance_config": [
                      {
                        "enable_integrity_monitoring": true,
                        "enable_secure_boot": false
                      }
                    ],
                    "tags": [],
                    "taint": [],
                    "workload_metadata_config": []
                  }
                ],
                "node_count": 1,
                "node_locations": [
                  "europe-west2-a"
                ],
                "upgrade_settings": [
                  {
                    "max_surge": 1,
                    "max_unavailable": 0
                  }
                ],
                "version": "1.14.10-gke.36"
              }
            ],
            "node_version": "1.14.10-gke.36",
            "operation": null,
            "pod_security_policy_config": [],
            "private_cluster_config": [],
            "project": "my-project1-267118",
            "region": null,
            "remove_default_node_pool": null,
            "resource_labels": {},
            "resource_usage_export_config": [],
            "services_ipv4_cidr": "10.27.240.0/20",
            "subnetwork": "projects/my-project1-267118/regions/europe-west2/subnetworks/dev-shippy-platform-europe-west2",
            "timeouts": null,
            "vertical_pod_autoscaling": [],
            "zone": null
          },
          "private": "eyJlMmJmYjczMC1lY2FhLTExZTYtOGY4OC0zNDM2M2JjN2M0YzAiOnsiY3JlYXRlIjoyNDAwMDAwMDAwMDAwLCJkZWxldGUiOjI0MDAwMDAwMDAwMDAsInJlYWQiOjI0MDAwMDAwMDAwMDAsInVwZGF0ZSI6MzYwMDAwMDAwMDAwMH0sInNjaGVtYV92ZXJzaW9uIjoiMSJ9",
          "dependencies": [
            "google_compute_network.shippy-network",
            "google_compute_subnetwork.shippy-freight"
          ]
        }
      ]
    },
    {
      "mode": "managed",
      "type": "google_dns_managed_zone",
      "name": "shippy-freight",
      "provider": "provider.google",
      "instances": [
        {
          "schema_version": 0,
          "attributes": {
            "description": "shippyfreight.com DNS zone",
            "dns_name": "shippyfreight.com.",
            "dnssec_config": [],
            "id": "projects/my-project1-267118/managedZones/shippyfreight-com",
            "labels": null,
            "name": "shippyfreight-com",
            "name_servers": [
              "ns-cloud-b1.googledomains.com.",
              "ns-cloud-b2.googledomains.com.",
              "ns-cloud-b3.googledomains.com.",
              "ns-cloud-b4.googledomains.com."
            ],
            "private_visibility_config": [],
            "project": "my-project1-267118",
            "timeouts": null,
            "visibility": "public"
          },
          "private": "eyJlMmJmYjczMC1lY2FhLTExZTYtOGY4OC0zNDM2M2JjN2M0YzAiOnsiY3JlYXRlIjoyNDAwMDAwMDAwMDAsImRlbGV0ZSI6MjQwMDAwMDAwMDAwLCJ1cGRhdGUiOjI0MDAwMDAwMDAwMH19"
        }
      ]
    },
    {
      "mode": "managed",
      "type": "google_dns_record_set",
      "name": "dev-k8s-endpoint-shippy-freight",
      "provider": "provider.google",
      "instances": [
        {
          "schema_version": 0,
          "attributes": {
            "id": "shippyfreight-com/k8s.dev.shippyfreight.com./A",
            "managed_zone": "shippyfreight-com",
            "name": "k8s.dev.shippyfreight.com.",
            "project": "my-project1-267118",
            "rrdatas": [
              "35.189.80.167"
            ],
            "ttl": 300,
            "type": "A"
          },
          "private": "bnVsbA==",
          "dependencies": [
            "google_container_cluster.shippy-freight-cluster",
            "google_dns_managed_zone.shippy-freight"
          ]
        }
      ]
    }
  ]
}
